{
  "name": "CKIVE",
  "version": "18.8.31",
  "lockfileVersion": 1,
  "requires": true,
  "dependencies": {
    "@types/webrtc": {
      "version": "0.0.21",
      "resolved": "https://registry.npmjs.org/@types/webrtc/-/webrtc-0.0.21.tgz",
      "integrity": "sha1-vDz7fiKt0oR2Hl1j761mSw66i4Y="
    },
    "eventemitter3": {
      "version": "0.1.6",
      "resolved": "https://registry.npmjs.org/eventemitter3/-/eventemitter3-0.1.6.tgz",
      "integrity": "sha1-jHrES4e6q1XNUMgo3Dh3jqwFLqU="
    },
    "jquery": {
      "version": "3.3.1",
      "resolved": "https://registry.npmjs.org/jquery/-/jquery-3.3.1.tgz",
      "integrity": "sha512-Ubldcmxp5np52/ENotGxlLe6aGMvmF4R8S6tZjsP6Knsaxd/xp3Zrh50cG93lR6nPXyUFwzN3ZSOQI0wRJNdGg=="
    },
    "js-binarypack": {
      "version": "0.0.9",
      "resolved": "https://registry.npmjs.org/js-binarypack/-/js-binarypack-0.0.9.tgz",
      "integrity": "sha1-RUJD094hKWHMFRSi8Rnewvr2QDU="
    },
    "peerjs": {
      "version": "0.3.16",
      "resolved": "https://registry.npmjs.org/peerjs/-/peerjs-0.3.16.tgz",
      "integrity": "sha512-s7EvNd6cIADcjoHgOBf2WiISixmdXpB4QYHWLE1lQi5Zu0nObwxikdCckg8BtFn3YE3ts1mnnyok2Giv2dsK1A==",
      "requires": {
        "@types/webrtc": "0.0.21",
        "eventemitter3": "0.1.6",
        "js-binarypack": "0.0.9",
        "reliable": "git+https://github.com/michelle/reliable.git#f09ba29d57a05beaa07990171f3fe7b746587aaa"
      }
    },
    "reliable": {
      "version": "git+https://github.com/michelle/reliable.git#f09ba29d57a05beaa07990171f3fe7b746587aaa",
      "requires": {
        "js-binarypack": "0.0.9"
      }
    }
  }
}
