{
  "name": "CKIVE",
  "version": "18.8.31",
  "lockfileVersion": 1,
  "requires": true,
  "dependencies": {
    "@types/webrtc": {
      "version": "0.0.21",
      "resolved": "https://registry.npmjs.org/@types/webrtc/-/webrtc-0.0.21.tgz",
      "integrity": "sha1-vDz7fiKt0oR2Hl1j761mSw66i4Y="
    },
    "eventemitter3": {
      "version": "0.1.6",
      "resolved": "https://registry.npmjs.org/eventemitter3/-/eventemitter3-0.1.6.tgz",
      "integrity": "sha1-jHrES4e6q1XNUMgo3Dh3jqwFLqU="
    },
    "jquery": {
      "version": "3.4.0",
      "resolved": "https://registry.npmjs.org/jquery/-/jquery-3.4.0.tgz",
      "integrity": "sha512-ggRCXln9zEqv6OqAGXFEcshF5dSBvCkzj6Gm2gzuR5fWawaX8t7cxKVkkygKODrDAzKdoYw3l/e3pm3vlT4IbQ=="
    },
    "js-binarypack": {
      "version": "0.0.9",
      "resolved": "https://registry.npmjs.org/js-binarypack/-/js-binarypack-0.0.9.tgz",
      "integrity": "sha1-RUJD094hKWHMFRSi8Rnewvr2QDU="
    },
    "peerjs": {
      "version": "0.3.16",
      "resolved": "https://registry.npmjs.org/peerjs/-/peerjs-0.3.16.tgz",
      "integrity": "sha512-s7EvNd6cIADcjoHgOBf2WiISixmdXpB4QYHWLE1lQi5Zu0nObwxikdCckg8BtFn3YE3ts1mnnyok2Giv2dsK1A==",
      "requires": {
        "@types/webrtc": "0.0.21",
        "eventemitter3": "^0.1.5",
        "js-binarypack": "0.0.9",
        "reliable": "git+https://github.com/michelle/reliable.git#f09ba29d57a05beaa07990171f3fe7b746587aaa"
      },
      "dependencies": {
        "reliable": {
          "version": "git+https://github.com/michelle/reliable.git#f09ba29d57a05beaa07990171f3fe7b746587aaa",
          "from": "git+https://github.com/michelle/reliable.git",
          "requires": {
            "js-binarypack": "0.0.9"
          }
        }
      }
    },
    "rtcpeerconnection-shim": {
      "version": "1.2.13",
      "resolved": "https://registry.npmjs.org/rtcpeerconnection-shim/-/rtcpeerconnection-shim-1.2.13.tgz",
      "integrity": "sha512-Xz4zQLZNs9lFBvqbaHGIjLWtyZ1V82ec5r+WNEo7NlIx3zF5M3ytn9mkkfYeZmpE032cNg3Vvf0rP8kNXUNd9w==",
      "requires": {
        "sdp": "^2.6.0"
      }
    },
    "sdp": {
      "version": "2.8.0",
      "resolved": "https://registry.npmjs.org/sdp/-/sdp-2.8.0.tgz",
      "integrity": "sha512-wRSES07rAwKWAR7aev9UuClT7kdf9ZTdeUK5gTgHue9vlhs19Fbm3ccNEGJO4y2IitH4/JzS4sdzyPl6H2KQLw=="
    },
    "vue": {
      "version": "2.5.17",
      "resolved": "https://registry.npmjs.org/vue/-/vue-2.5.17.tgz",
      "integrity": "sha512-mFbcWoDIJi0w0Za4emyLiW72Jae0yjANHbCVquMKijcavBGypqlF7zHRgMa5k4sesdv7hv2rB4JPdZfR+TPfhQ=="
    },
    "webrtc-adapter": {
      "version": "6.3.2",
      "resolved": "https://registry.npmjs.org/webrtc-adapter/-/webrtc-adapter-6.3.2.tgz",
      "integrity": "sha512-7pFMXpZCka7ScIQyk8Wo+fOr3OlKLtGd6YHqkHVT74zerpY2Siyds8sxsmkE0bNqsi/J1b0vDzN7WpB34dQzAA==",
      "requires": {
        "rtcpeerconnection-shim": "^1.2.10",
        "sdp": "^2.7.0"
      }
    }
  }
}
